<?xml version="1.0" encoding="utf-8"?>
<Project ToolsVersion="4.0" xmlns="http://schemas.microsoft.com/developer/msbuild/2003">
  <ItemGroup>
    <Filter Include="Compute">
      <UniqueIdentifier>{df1829fa-4dd9-4633-af58-88e16a32b65c}</UniqueIdentifier>
    </Filter>
    <Filter Include="Graphics">
      <UniqueIdentifier>{29a26333-02e8-4e79-90f9-a63b2d17ac07}</UniqueIdentifier>
    </Filter>
  </ItemGroup>
  <ItemGroup>
    <None Include="$(MSBuildThisFileDirectory)colorSingleRender.fs.glsl">
      <Filter>Graphics</Filter>
    </None>
    <None Include="$(MSBuildThisFileDirectory)colorSingleRender.vs.glsl">
      <Filter>Graphics</Filter>
    </None>
    <None Include="$(MSBuildThisFileDirectory)constColorRender.fs.glsl">
      <Filter>Graphics</Filter>
    </None>
    <None Include="$(MSBuildThisFileDirectory)constColorRender.vs.glsl">
      <Filter>Graphics</Filter>
    </None>
    <None Include="$(MSBuildThisFileDirectory)nullRender.fs.glsl">
      <Filter>Graphics</Filter>
    </None>
    <None Include="$(MSBuildThisFileDirectory)nullRender.vs.glsl">
      <Filter>Graphics</Filter>
    </None>
    <None Include="$(MSBuildThisFileDirectory)render.fs.glsl">
      <Filter>Graphics</Filter>
    </None>
    <None Include="$(MSBuildThisFileDirectory)render.vs.glsl">
      <Filter>Graphics</Filter>
    </None>
    <None Include="$(MSBuildThisFileDirectory)spriteRender.fs.glsl">
      <Filter>Graphics</Filter>
    </None>
    <None Include="$(MSBuildThisFileDirectory)spriteRender.vs.glsl">
      <Filter>Graphics</Filter>
    </None>
    <None Include="$(MSBuildThisFileDirectory)texturePointLightDiff.fs.glsl">
      <Filter>Graphics</Filter>
    </None>
    <None Include="$(MSBuildThisFileDirectory)texturePointLightDiff.vs.glsl">
      <Filter>Graphics</Filter>
    </None>
    <None Include="$(MSBuildThisFileDirectory)textureRender.fs.glsl">
      <Filter>Graphics</Filter>
    </None>
    <None Include="$(MSBuildThisFileDirectory)textureRender.vs.glsl">
      <Filter>Graphics</Filter>
    </None>
    <None Include="$(MSBuildThisFileDirectory)colorRender.fs.glsl">
      <Filter>Graphics</Filter>
    </None>
    <None Include="$(MSBuildThisFileDirectory)colorRender.vs.glsl">
      <Filter>Graphics</Filter>
    </None>
    <None Include="$(MSBuildThisFileDirectory)skinTextureRender.vs.glsl">
      <Filter>Graphics</Filter>
    </None>
    <None Include="$(MSBuildThisFileDirectory)skinTextureRender.fs.glsl">
      <Filter>Graphics</Filter>
    </None>
    <None Include="$(MSBuildThisFileDirectory)computeMixer.cs.glsl">
      <Filter>Compute</Filter>
    </None>
    <None Include="$(MSBuildThisFileDirectory)computeTest.cs.glsl">
      <Filter>Compute</Filter>
    </None>
    <None Include="$(MSBuildThisFileDirectory)computeWorldMat.cs.glsl">
      <Filter>Compute</Filter>
    </None>
  </ItemGroup>
  <ItemGroup>
    <ClInclude Include="$(MSBuildThisFileDirectory)ShaderLayout.h">
      <Filter>Graphics</Filter>
    </ClInclude>
  </ItemGroup>
</Project>