
Microsoft Visual Studio Solution File, Format Version 12.00
# Visual Studio Version 16
VisualStudioVersion = 16.0.29102.190
MinimumVisualStudioVersion = 10.0.40219.1
Project("{8BC9CEB8-8B4A-11D0-8D11-00A0C91BC942}") = "Engine", "src\Engine.vcxproj", "{F378881E-1BCC-4A2A-8E59-85BCBC1B6039}"
	ProjectSection(ProjectDependencies) = postProject
		{5DBB2B27-956A-4298-9602-E0B606955378} = {5DBB2B27-956A-4298-9602-E0B606955378}
		{D999076E-F08B-48FC-B732-E43E13041A07} = {D999076E-F08B-48FC-B732-E43E13041A07}
		{1E4503C4-419B-498D-A9B4-8FDFA7E7733C} = {1E4503C4-419B-498D-A9B4-8FDFA7E7733C}
		{F98902EE-6F29-479B-9A05-B2ED999A06D6} = {F98902EE-6F29-479B-9A05-B2ED999A06D6}
	EndProjectSection
EndProject
Project("{8BC9CEB8-8B4A-11D0-8D11-00A0C91BC942}") = "Shaders", "..\Shaders\Shaders.vcxitems", "{791D978A-3E57-40AF-85F8-61D3DA9D462B}"
EndProject
Project("{8BC9CEB8-8B4A-11D0-8D11-00A0C91BC942}") = "File", "..\..\File\File.vcxproj", "{F98902EE-6F29-479B-9A05-B2ED999A06D6}"
EndProject
Project("{8BC9CEB8-8B4A-11D0-8D11-00A0C91BC942}") = "Math", "..\..\Math_3.0\Math.vcxproj", "{D999076E-F08B-48FC-B732-E43E13041A07}"
EndProject
Project("{8BC9CEB8-8B4A-11D0-8D11-00A0C91BC942}") = "PCSTree", "..\..\PCSTree\PCSTree.vcxproj", "{A6C4C8AE-826C-460C-9D86-3582777A9522}"
EndProject
Project("{8BC9CEB8-8B4A-11D0-8D11-00A0C91BC942}") = "Manager", "..\..\Manager\Manager.vcxproj", "{84F74B68-74E3-4D84-B120-6FF4E3BB157F}"
EndProject
Project("{8BC9CEB8-8B4A-11D0-8D11-00A0C91BC942}") = "Time", "..\..\Time\Time.vcxproj", "{886DA24C-5E47-4FD4-A830-5E2FC46C1472}"
EndProject
Project("{8BC9CEB8-8B4A-11D0-8D11-00A0C91BC942}") = "GLFW", "..\..\GLFW\GLFW.vcxproj", "{1E4503C4-419B-498D-A9B4-8FDFA7E7733C}"
EndProject
Project("{8BC9CEB8-8B4A-11D0-8D11-00A0C91BC942}") = "SB7", "..\..\SB7\SB7.vcxproj", "{5DBB2B27-956A-4298-9602-E0B606955378}"
EndProject
Project("{8BC9CEB8-8B4A-11D0-8D11-00A0C91BC942}") = "ProtoBuff", "..\..\ProtoBuff\ProtoBuff.vcxitems", "{978E63F0-9D27-4D47-880B-75C826B3032A}"
EndProject
Project("{8BC9CEB8-8B4A-11D0-8D11-00A0C91BC942}") = "Proto", "..\Proto\src\Proto.vcxproj", "{C8ECC252-DFB8-4B7D-A234-CB07C5D1569B}"
EndProject
Global
	GlobalSection(SharedMSBuildProjectFiles) = preSolution
		..\Shaders\Shaders.vcxitems*{791d978a-3e57-40af-85f8-61d3da9d462b}*SharedItemsImports = 9
		..\..\ProtoBuff\ProtoBuff.vcxitems*{978e63f0-9d27-4d47-880b-75c826b3032a}*SharedItemsImports = 9
		..\..\ProtoBuff\ProtoBuff.vcxitems*{c8ecc252-dfb8-4b7d-a234-cb07c5d1569b}*SharedItemsImports = 4
		..\..\ProtoBuff\ProtoBuff.vcxitems*{f378881e-1bcc-4a2a-8e59-85bcbc1b6039}*SharedItemsImports = 4
		..\Shaders\Shaders.vcxitems*{f378881e-1bcc-4a2a-8e59-85bcbc1b6039}*SharedItemsImports = 4
	EndGlobalSection
	GlobalSection(SolutionConfigurationPlatforms) = preSolution
		Debug|x86 = Debug|x86
		Release|x86 = Release|x86
	EndGlobalSection
	GlobalSection(ProjectConfigurationPlatforms) = postSolution
		{F378881E-1BCC-4A2A-8E59-85BCBC1B6039}.Debug|x86.ActiveCfg = Debug|Win32
		{F378881E-1BCC-4A2A-8E59-85BCBC1B6039}.Debug|x86.Build.0 = Debug|Win32
		{F378881E-1BCC-4A2A-8E59-85BCBC1B6039}.Release|x86.ActiveCfg = Release|Win32
		{F378881E-1BCC-4A2A-8E59-85BCBC1B6039}.Release|x86.Build.0 = Release|Win32
		{F98902EE-6F29-479B-9A05-B2ED999A06D6}.Debug|x86.ActiveCfg = Debug|Win32
		{F98902EE-6F29-479B-9A05-B2ED999A06D6}.Debug|x86.Build.0 = Debug|Win32
		{F98902EE-6F29-479B-9A05-B2ED999A06D6}.Release|x86.ActiveCfg = Release|Win32
		{F98902EE-6F29-479B-9A05-B2ED999A06D6}.Release|x86.Build.0 = Release|Win32
		{D999076E-F08B-48FC-B732-E43E13041A07}.Debug|x86.ActiveCfg = Debug|Win32
		{D999076E-F08B-48FC-B732-E43E13041A07}.Debug|x86.Build.0 = Debug|Win32
		{D999076E-F08B-48FC-B732-E43E13041A07}.Release|x86.ActiveCfg = Release|Win32
		{D999076E-F08B-48FC-B732-E43E13041A07}.Release|x86.Build.0 = Release|Win32
		{A6C4C8AE-826C-460C-9D86-3582777A9522}.Debug|x86.ActiveCfg = Debug|Win32
		{A6C4C8AE-826C-460C-9D86-3582777A9522}.Debug|x86.Build.0 = Debug|Win32
		{A6C4C8AE-826C-460C-9D86-3582777A9522}.Release|x86.ActiveCfg = Release|Win32
		{A6C4C8AE-826C-460C-9D86-3582777A9522}.Release|x86.Build.0 = Release|Win32
		{84F74B68-74E3-4D84-B120-6FF4E3BB157F}.Debug|x86.ActiveCfg = Debug|Win32
		{84F74B68-74E3-4D84-B120-6FF4E3BB157F}.Debug|x86.Build.0 = Debug|Win32
		{84F74B68-74E3-4D84-B120-6FF4E3BB157F}.Release|x86.ActiveCfg = Release|Win32
		{84F74B68-74E3-4D84-B120-6FF4E3BB157F}.Release|x86.Build.0 = Release|Win32
		{886DA24C-5E47-4FD4-A830-5E2FC46C1472}.Debug|x86.ActiveCfg = Debug|Win32
		{886DA24C-5E47-4FD4-A830-5E2FC46C1472}.Debug|x86.Build.0 = Debug|Win32
		{886DA24C-5E47-4FD4-A830-5E2FC46C1472}.Release|x86.ActiveCfg = Release|Win32
		{886DA24C-5E47-4FD4-A830-5E2FC46C1472}.Release|x86.Build.0 = Release|Win32
		{1E4503C4-419B-498D-A9B4-8FDFA7E7733C}.Debug|x86.ActiveCfg = Debug|Win32
		{1E4503C4-419B-498D-A9B4-8FDFA7E7733C}.Debug|x86.Build.0 = Debug|Win32
		{1E4503C4-419B-498D-A9B4-8FDFA7E7733C}.Release|x86.ActiveCfg = Release|Win32
		{1E4503C4-419B-498D-A9B4-8FDFA7E7733C}.Release|x86.Build.0 = Release|Win32
		{5DBB2B27-956A-4298-9602-E0B606955378}.Debug|x86.ActiveCfg = Debug|Win32
		{5DBB2B27-956A-4298-9602-E0B606955378}.Debug|x86.Build.0 = Debug|Win32
		{5DBB2B27-956A-4298-9602-E0B606955378}.Release|x86.ActiveCfg = Release|Win32
		{5DBB2B27-956A-4298-9602-E0B606955378}.Release|x86.Build.0 = Release|Win32
		{C8ECC252-DFB8-4B7D-A234-CB07C5D1569B}.Debug|x86.ActiveCfg = Debug|Win32
		{C8ECC252-DFB8-4B7D-A234-CB07C5D1569B}.Debug|x86.Build.0 = Debug|Win32
		{C8ECC252-DFB8-4B7D-A234-CB07C5D1569B}.Release|x86.ActiveCfg = Release|Win32
		{C8ECC252-DFB8-4B7D-A234-CB07C5D1569B}.Release|x86.Build.0 = Release|Win32
	EndGlobalSection
	GlobalSection(SolutionProperties) = preSolution
		HideSolutionNode = FALSE
	EndGlobalSection
	GlobalSection(ExtensibilityGlobals) = postSolution
		SolutionGuid = {0F904E58-7466-4ADD-86F2-CDA47824689D}
	EndGlobalSection
EndGlobal
